
Microsoft Visual Studio Solution File, Format Version 12.00
# Visual Studio Version 17
VisualStudioVersion = 17.13.35825.156 d17.13
MinimumVisualStudioVersion = 10.0.40219.1
Project("{FAE04EC0-301F-11D3-BF4B-00C04F79EFBC}") = "MarsBiomes", "MarsBiomes\MarsBiomes.csproj", "{FCB5F1D5-F2A7-ABF4-1C18-A7C6CFCEFC80}"
EndProject
Project("{FAE04EC0-301F-11D3-BF4B-00C04F79EFBC}") = "OresToFieldGuide", "OresToFieldGuide\OresToFieldGuide.csproj", "{4B2532D3-E57E-7708-CF60-16F5B99C31C9}"
EndProject
Project("{FAE04EC0-301F-11D3-BF4B-00C04F79EFBC}") = "LanguageMerger", "LanguageMerger\LanguageMerger.csproj", "{01ED24EB-25A2-49BC-97E1-6B6FCE173F53}"
EndProject
Project("{FAE04EC0-301F-11D3-BF4B-00C04F79EFBC}") = "Common", "Common\Common.csproj", "{76EEF325-3580-4A2E-AF4F-1C1D4CE1D6AF}"
EndProject
Global
	GlobalSection(SolutionConfigurationPlatforms) = preSolution
		Debug|Any CPU = Debug|Any CPU
		Release|Any CPU = Release|Any CPU
	EndGlobalSection
	GlobalSection(ProjectConfigurationPlatforms) = postSolution
		{FCB5F1D5-F2A7-ABF4-1C18-A7C6CFCEFC80}.Debug|Any CPU.ActiveCfg = Debug|Any CPU
		{FCB5F1D5-F2A7-ABF4-1C18-A7C6CFCEFC80}.Debug|Any CPU.Build.0 = Debug|Any CPU
		{FCB5F1D5-F2A7-ABF4-1C18-A7C6CFCEFC80}.Release|Any CPU.ActiveCfg = Release|Any CPU
		{FCB5F1D5-F2A7-ABF4-1C18-A7C6CFCEFC80}.Release|Any CPU.Build.0 = Release|Any CPU
		{4B2532D3-E57E-7708-CF60-16F5B99C31C9}.Debug|Any CPU.ActiveCfg = Debug|Any CPU
		{4B2532D3-E57E-7708-CF60-16F5B99C31C9}.Debug|Any CPU.Build.0 = Debug|Any CPU
		{4B2532D3-E57E-7708-CF60-16F5B99C31C9}.Release|Any CPU.ActiveCfg = Release|Any CPU
		{4B2532D3-E57E-7708-CF60-16F5B99C31C9}.Release|Any CPU.Build.0 = Release|Any CPU
		{01ED24EB-25A2-49BC-97E1-6B6FCE173F53}.Debug|Any CPU.ActiveCfg = Debug|Any CPU
		{01ED24EB-25A2-49BC-97E1-6B6FCE173F53}.Debug|Any CPU.Build.0 = Debug|Any CPU
		{01ED24EB-25A2-49BC-97E1-6B6FCE173F53}.Release|Any CPU.ActiveCfg = Release|Any CPU
		{01ED24EB-25A2-49BC-97E1-6B6FCE173F53}.Release|Any CPU.Build.0 = Release|Any CPU
		{76EEF325-3580-4A2E-AF4F-1C1D4CE1D6AF}.Debug|Any CPU.ActiveCfg = Debug|Any CPU
		{76EEF325-3580-4A2E-AF4F-1C1D4CE1D6AF}.Debug|Any CPU.Build.0 = Debug|Any CPU
		{76EEF325-3580-4A2E-AF4F-1C1D4CE1D6AF}.Release|Any CPU.ActiveCfg = Release|Any CPU
		{76EEF325-3580-4A2E-AF4F-1C1D4CE1D6AF}.Release|Any CPU.Build.0 = Release|Any CPU
	EndGlobalSection
	GlobalSection(SolutionProperties) = preSolution
		HideSolutionNode = FALSE
	EndGlobalSection
	GlobalSection(ExtensibilityGlobals) = postSolution
		SolutionGuid = {E01895A2-9890-4E36-94A6-6FF3708A1BCC}
	EndGlobalSection
EndGlobal
